
Microsoft Visual Studio Solution File, Format Version 12.00
# Visual Studio Version 16
VisualStudioVersion = 16.0.30309.148
MinimumVisualStudioVersion = 10.0.40219.1
Project("{FAE04EC0-301F-11D3-BF4B-00C04F79EFBC}") = "Extensions", "..\BudgetExecution\Extensions\Extensions.csproj", "{77BFDEC9-2043-4D15-8D63-184A10BDBB3C}"
EndProject
Global
	GlobalSection(SolutionConfigurationPlatforms) = preSolution
		Debug|Any CPU = Debug|Any CPU
		Release|Any CPU = Release|Any CPU
	EndGlobalSection
	GlobalSection(ProjectConfigurationPlatforms) = postSolution
		{77BFDEC9-2043-4D15-8D63-184A10BDBB3C}.Debug|Any CPU.ActiveCfg = Debug|Any CPU
		{77BFDEC9-2043-4D15-8D63-184A10BDBB3C}.Debug|Any CPU.Build.0 = Debug|Any CPU
		{77BFDEC9-2043-4D15-8D63-184A10BDBB3C}.Release|Any CPU.ActiveCfg = Release|Any CPU
		{77BFDEC9-2043-4D15-8D63-184A10BDBB3C}.Release|Any CPU.Build.0 = Release|Any CPU
	EndGlobalSection
	GlobalSection(SolutionProperties) = preSolution
		HideSolutionNode = FALSE
	EndGlobalSection
	GlobalSection(ExtensibilityGlobals) = postSolution
		SolutionGuid = {FB9580F5-342D-4983-ADF3-276D47357DFE}
	EndGlobalSection
EndGlobal
